
Microsoft Visual Studio Solution File, Format Version 12.00
# Visual Studio Version 16
VisualStudioVersion = 16.0.33927.289
MinimumVisualStudioVersion = 10.0.40219.1
Project("{2150E333-8FDC-42A3-9474-1A3956D46DE8}") = "Task0", "Task0", "{ACC48692-E61D-4726-969E-DE2590C7F2DA}"
EndProject
Project("{FAE04EC0-301F-11D3-BF4B-00C04F79EFBC}") = "Tyuiu.SavenkovaME.Sprint6.Task0.V20.Lib", "Tyuiu.SavenkovaME.Sprint6.Task0.V20.Lib\Tyuiu.SavenkovaME.Sprint6.Task0.V20.Lib.csproj", "{AB14115C-B341-407D-9936-80F6410A6686}"
EndProject
Project("{FAE04EC0-301F-11D3-BF4B-00C04F79EFBC}") = "Tyuiu.SavenkovaME.Sprint6.Task0.V20.Test", "Tyuiu.SavenkovaME.Sprint6.Task0.V20.Test\Tyuiu.SavenkovaME.Sprint6.Task0.V20.Test.csproj", "{EC8FC10D-E82E-448B-9FEF-CF106A9FC27C}"
EndProject
Project("{FAE04EC0-301F-11D3-BF4B-00C04F79EFBC}") = "Tyuiu.SavenkovaME.Sprint6.Task0.V20", "Tyuiu.SavenkovaME.Sprint6.Task0.V20\Tyuiu.SavenkovaME.Sprint6.Task0.V20.csproj", "{A5D9D487-8BE6-4B40-8478-26A5F3A7EC73}"
EndProject
Project("{2150E333-8FDC-42A3-9474-1A3956D46DE8}") = "Task1", "Task1", "{AAE126CD-0DF7-4A76-9BB4-7DDC68D467F9}"
EndProject
Project("{FAE04EC0-301F-11D3-BF4B-00C04F79EFBC}") = "Tyuiu.SavenkovaME.Sprint6.Task1.V22.Lib", "Tyuiu.SavenkovaME.Sprint6.Task1.V22.Lib\Tyuiu.SavenkovaME.Sprint6.Task1.V22.Lib.csproj", "{497CA580-8E65-4F68-8662-A50FDE0962EC}"
EndProject
Project("{FAE04EC0-301F-11D3-BF4B-00C04F79EFBC}") = "Tyuiu.SavenkovaME.Sprint6.Task1.V22.Test", "Tyuiu.SavenkovaME.Sprint6.Task1.V22.Test\Tyuiu.SavenkovaME.Sprint6.Task1.V22.Test.csproj", "{90F57F82-F860-4979-A59C-A890A597C797}"
EndProject
Project("{FAE04EC0-301F-11D3-BF4B-00C04F79EFBC}") = "Tyuiu.SavenkovaME.Sprint6.Task1.V22", "Tyuiu.SavenkovaME.Sprint6.Task1.V22\Tyuiu.SavenkovaME.Sprint6.Task1.V22.csproj", "{F0D65F57-F552-483D-89C7-51CC95D2F0CD}"
EndProject
Project("{2150E333-8FDC-42A3-9474-1A3956D46DE8}") = "Task2", "Task2", "{10059960-637E-4BAC-B48E-FB848832B304}"
EndProject
Project("{FAE04EC0-301F-11D3-BF4B-00C04F79EFBC}") = "Tyuiu.SavenkovaME.Sprint6.Task2.V1.Lib", "Tyuiu.SavenkovaME.Sprint6.Task2.V1.Lib\Tyuiu.SavenkovaME.Sprint6.Task2.V1.Lib.csproj", "{8B76699C-BFEB-4C17-882C-0DA17A14C34D}"
EndProject
Project("{FAE04EC0-301F-11D3-BF4B-00C04F79EFBC}") = "Tyuiu.SavenkovaME.Sprint6.Task2.V1.Test", "Tyuiu.SavenkovaME.Sprint6.Task2.V1.Test\Tyuiu.SavenkovaME.Sprint6.Task2.V1.Test.csproj", "{7D1B03BA-9062-45CC-A1D3-D5F621538A8D}"
EndProject
Project("{FAE04EC0-301F-11D3-BF4B-00C04F79EFBC}") = "Tyuiu.SavenkovaME.Sprint6.Task2.V1", "Tyuiu.SavenkovaME.Sprint6.Task2.V1\Tyuiu.SavenkovaME.Sprint6.Task2.V1.csproj", "{74962BD2-B9B9-464C-835A-CD938128A7DA}"
EndProject
Global
	GlobalSection(SolutionConfigurationPlatforms) = preSolution
		Debug|Any CPU = Debug|Any CPU
		Release|Any CPU = Release|Any CPU
	EndGlobalSection
	GlobalSection(ProjectConfigurationPlatforms) = postSolution
		{AB14115C-B341-407D-9936-80F6410A6686}.Debug|Any CPU.ActiveCfg = Debug|Any CPU
		{AB14115C-B341-407D-9936-80F6410A6686}.Debug|Any CPU.Build.0 = Debug|Any CPU
		{AB14115C-B341-407D-9936-80F6410A6686}.Release|Any CPU.ActiveCfg = Release|Any CPU
		{AB14115C-B341-407D-9936-80F6410A6686}.Release|Any CPU.Build.0 = Release|Any CPU
		{EC8FC10D-E82E-448B-9FEF-CF106A9FC27C}.Debug|Any CPU.ActiveCfg = Debug|Any CPU
		{EC8FC10D-E82E-448B-9FEF-CF106A9FC27C}.Debug|Any CPU.Build.0 = Debug|Any CPU
		{EC8FC10D-E82E-448B-9FEF-CF106A9FC27C}.Release|Any CPU.ActiveCfg = Release|Any CPU
		{EC8FC10D-E82E-448B-9FEF-CF106A9FC27C}.Release|Any CPU.Build.0 = Release|Any CPU
		{A5D9D487-8BE6-4B40-8478-26A5F3A7EC73}.Debug|Any CPU.ActiveCfg = Debug|Any CPU
		{A5D9D487-8BE6-4B40-8478-26A5F3A7EC73}.Debug|Any CPU.Build.0 = Debug|Any CPU
		{A5D9D487-8BE6-4B40-8478-26A5F3A7EC73}.Release|Any CPU.ActiveCfg = Release|Any CPU
		{A5D9D487-8BE6-4B40-8478-26A5F3A7EC73}.Release|Any CPU.Build.0 = Release|Any CPU
		{497CA580-8E65-4F68-8662-A50FDE0962EC}.Debug|Any CPU.ActiveCfg = Debug|Any CPU
		{497CA580-8E65-4F68-8662-A50FDE0962EC}.Debug|Any CPU.Build.0 = Debug|Any CPU
		{497CA580-8E65-4F68-8662-A50FDE0962EC}.Release|Any CPU.ActiveCfg = Release|Any CPU
		{497CA580-8E65-4F68-8662-A50FDE0962EC}.Release|Any CPU.Build.0 = Release|Any CPU
		{90F57F82-F860-4979-A59C-A890A597C797}.Debug|Any CPU.ActiveCfg = Debug|Any CPU
		{90F57F82-F860-4979-A59C-A890A597C797}.Debug|Any CPU.Build.0 = Debug|Any CPU
		{90F57F82-F860-4979-A59C-A890A597C797}.Release|Any CPU.ActiveCfg = Release|Any CPU
		{90F57F82-F860-4979-A59C-A890A597C797}.Release|Any CPU.Build.0 = Release|Any CPU
		{F0D65F57-F552-483D-89C7-51CC95D2F0CD}.Debug|Any CPU.ActiveCfg = Debug|Any CPU
		{F0D65F57-F552-483D-89C7-51CC95D2F0CD}.Debug|Any CPU.Build.0 = Debug|Any CPU
		{F0D65F57-F552-483D-89C7-51CC95D2F0CD}.Release|Any CPU.ActiveCfg = Release|Any CPU
		{F0D65F57-F552-483D-89C7-51CC95D2F0CD}.Release|Any CPU.Build.0 = Release|Any CPU
		{8B76699C-BFEB-4C17-882C-0DA17A14C34D}.Debug|Any CPU.ActiveCfg = Debug|Any CPU
		{8B76699C-BFEB-4C17-882C-0DA17A14C34D}.Debug|Any CPU.Build.0 = Debug|Any CPU
		{8B76699C-BFEB-4C17-882C-0DA17A14C34D}.Release|Any CPU.ActiveCfg = Release|Any CPU
		{8B76699C-BFEB-4C17-882C-0DA17A14C34D}.Release|Any CPU.Build.0 = Release|Any CPU
		{7D1B03BA-9062-45CC-A1D3-D5F621538A8D}.Debug|Any CPU.ActiveCfg = Debug|Any CPU
		{7D1B03BA-9062-45CC-A1D3-D5F621538A8D}.Debug|Any CPU.Build.0 = Debug|Any CPU
		{7D1B03BA-9062-45CC-A1D3-D5F621538A8D}.Release|Any CPU.ActiveCfg = Release|Any CPU
		{7D1B03BA-9062-45CC-A1D3-D5F621538A8D}.Release|Any CPU.Build.0 = Release|Any CPU
		{74962BD2-B9B9-464C-835A-CD938128A7DA}.Debug|Any CPU.ActiveCfg = Debug|Any CPU
		{74962BD2-B9B9-464C-835A-CD938128A7DA}.Debug|Any CPU.Build.0 = Debug|Any CPU
		{74962BD2-B9B9-464C-835A-CD938128A7DA}.Release|Any CPU.ActiveCfg = Release|Any CPU
		{74962BD2-B9B9-464C-835A-CD938128A7DA}.Release|Any CPU.Build.0 = Release|Any CPU
	EndGlobalSection
	GlobalSection(SolutionProperties) = preSolution
		HideSolutionNode = FALSE
	EndGlobalSection
	GlobalSection(NestedProjects) = preSolution
		{AB14115C-B341-407D-9936-80F6410A6686} = {ACC48692-E61D-4726-969E-DE2590C7F2DA}
		{EC8FC10D-E82E-448B-9FEF-CF106A9FC27C} = {ACC48692-E61D-4726-969E-DE2590C7F2DA}
		{A5D9D487-8BE6-4B40-8478-26A5F3A7EC73} = {ACC48692-E61D-4726-969E-DE2590C7F2DA}
		{497CA580-8E65-4F68-8662-A50FDE0962EC} = {AAE126CD-0DF7-4A76-9BB4-7DDC68D467F9}
		{90F57F82-F860-4979-A59C-A890A597C797} = {AAE126CD-0DF7-4A76-9BB4-7DDC68D467F9}
		{F0D65F57-F552-483D-89C7-51CC95D2F0CD} = {AAE126CD-0DF7-4A76-9BB4-7DDC68D467F9}
		{8B76699C-BFEB-4C17-882C-0DA17A14C34D} = {10059960-637E-4BAC-B48E-FB848832B304}
		{7D1B03BA-9062-45CC-A1D3-D5F621538A8D} = {10059960-637E-4BAC-B48E-FB848832B304}
		{74962BD2-B9B9-464C-835A-CD938128A7DA} = {10059960-637E-4BAC-B48E-FB848832B304}
	EndGlobalSection
	GlobalSection(ExtensibilityGlobals) = postSolution
		SolutionGuid = {ED101A4C-6D88-47BC-9A46-75AA49B85EFC}
	EndGlobalSection
EndGlobal
