
Microsoft Visual Studio Solution File, Format Version 12.00
# Visual Studio Version 16
VisualStudioVersion = 16.0.33927.289
MinimumVisualStudioVersion = 10.0.40219.1
Project("{2150E333-8FDC-42A3-9474-1A3956D46DE8}") = "Task0", "Task0", "{ACC48692-E61D-4726-969E-DE2590C7F2DA}"
EndProject
Project("{FAE04EC0-301F-11D3-BF4B-00C04F79EFBC}") = "Tyuiu.SavenkovaME.Sprint6.Task0.V20.Lib", "Tyuiu.SavenkovaME.Sprint6.Task0.V20.Lib\Tyuiu.SavenkovaME.Sprint6.Task0.V20.Lib.csproj", "{AB14115C-B341-407D-9936-80F6410A6686}"
EndProject
Project("{FAE04EC0-301F-11D3-BF4B-00C04F79EFBC}") = "Tyuiu.SavenkovaME.Sprint6.Task0.V20.Test", "Tyuiu.SavenkovaME.Sprint6.Task0.V20.Test\Tyuiu.SavenkovaME.Sprint6.Task0.V20.Test.csproj", "{EC8FC10D-E82E-448B-9FEF-CF106A9FC27C}"
EndProject
Project("{FAE04EC0-301F-11D3-BF4B-00C04F79EFBC}") = "Tyuiu.SavenkovaME.Sprint6.Task0.V20", "Tyuiu.SavenkovaME.Sprint6.Task0.V20\Tyuiu.SavenkovaME.Sprint6.Task0.V20.csproj", "{A5D9D487-8BE6-4B40-8478-26A5F3A7EC73}"
EndProject
Project("{2150E333-8FDC-42A3-9474-1A3956D46DE8}") = "Task1", "Task1", "{AAE126CD-0DF7-4A76-9BB4-7DDC68D467F9}"
EndProject
Project("{FAE04EC0-301F-11D3-BF4B-00C04F79EFBC}") = "Tyuiu.SavenkovaME.Sprint6.Task1.V22.Lib", "Tyuiu.SavenkovaME.Sprint6.Task1.V22.Lib\Tyuiu.SavenkovaME.Sprint6.Task1.V22.Lib.csproj", "{497CA580-8E65-4F68-8662-A50FDE0962EC}"
EndProject
Project("{FAE04EC0-301F-11D3-BF4B-00C04F79EFBC}") = "Tyuiu.SavenkovaME.Sprint6.Task1.V22.Test", "Tyuiu.SavenkovaME.Sprint6.Task1.V22.Test\Tyuiu.SavenkovaME.Sprint6.Task1.V22.Test.csproj", "{90F57F82-F860-4979-A59C-A890A597C797}"
EndProject
Project("{FAE04EC0-301F-11D3-BF4B-00C04F79EFBC}") = "Tyuiu.SavenkovaME.Sprint6.Task1.V22", "Tyuiu.SavenkovaME.Sprint6.Task1.V22\Tyuiu.SavenkovaME.Sprint6.Task1.V22.csproj", "{F0D65F57-F552-483D-89C7-51CC95D2F0CD}"
EndProject
Project("{2150E333-8FDC-42A3-9474-1A3956D46DE8}") = "Task2", "Task2", "{10059960-637E-4BAC-B48E-FB848832B304}"
EndProject
Project("{FAE04EC0-301F-11D3-BF4B-00C04F79EFBC}") = "Tyuiu.SavenkovaME.Sprint6.Task2.V1.Lib", "Tyuiu.SavenkovaME.Sprint6.Task2.V1.Lib\Tyuiu.SavenkovaME.Sprint6.Task2.V1.Lib.csproj", "{8B76699C-BFEB-4C17-882C-0DA17A14C34D}"
EndProject
Project("{FAE04EC0-301F-11D3-BF4B-00C04F79EFBC}") = "Tyuiu.SavenkovaME.Sprint6.Task2.V1.Test", "Tyuiu.SavenkovaME.Sprint6.Task2.V1.Test\Tyuiu.SavenkovaME.Sprint6.Task2.V1.Test.csproj", "{7D1B03BA-9062-45CC-A1D3-D5F621538A8D}"
EndProject
Project("{FAE04EC0-301F-11D3-BF4B-00C04F79EFBC}") = "Tyuiu.SavenkovaME.Sprint6.Task2.V1", "Tyuiu.SavenkovaME.Sprint6.Task2.V1\Tyuiu.SavenkovaME.Sprint6.Task2.V1.csproj", "{74962BD2-B9B9-464C-835A-CD938128A7DA}"
EndProject
Project("{2150E333-8FDC-42A3-9474-1A3956D46DE8}") = "Task3", "Task3", "{801F7447-003C-4016-8D0F-5622CE6EAD91}"
EndProject
Project("{FAE04EC0-301F-11D3-BF4B-00C04F79EFBC}") = "Tyuiu.SavenkovaME.Sprint6.Task3.V5.Lib", "Tyuiu.SavenkovaME.Sprint6.Task3.V5.Lib\Tyuiu.SavenkovaME.Sprint6.Task3.V5.Lib.csproj", "{E4039C2F-0B10-4F8A-B843-3A5821FE296B}"
EndProject
Project("{FAE04EC0-301F-11D3-BF4B-00C04F79EFBC}") = "Tyuiu.SavenkovaME.Sprint6.Task3.V5.Test", "Tyuiu.SavenkovaME.Sprint6.Task3.V5.Test\Tyuiu.SavenkovaME.Sprint6.Task3.V5.Test.csproj", "{9A57E6C3-6C7C-49D0-9969-DE480FC15826}"
EndProject
Project("{FAE04EC0-301F-11D3-BF4B-00C04F79EFBC}") = "Tyuiu.SavenkovaME.Sprint6.Task3.V5", "Tyuiu.SavenkovaME.Sprint6.Task3.V5\Tyuiu.SavenkovaME.Sprint6.Task3.V5.csproj", "{FEE42C14-609C-4441-96ED-FFF018E21ACF}"
EndProject
Project("{2150E333-8FDC-42A3-9474-1A3956D46DE8}") = "Task4", "Task4", "{3F1EB28B-BF97-4C36-BACA-7CECFE8AEA6A}"
EndProject
Project("{FAE04EC0-301F-11D3-BF4B-00C04F79EFBC}") = "Tyuiu.SavenkovaME.Sprint6.Task4.V10.Lib", "Tyuiu.SavenkovaME.Sprint6.Task4.V10.Lib\Tyuiu.SavenkovaME.Sprint6.Task4.V10.Lib.csproj", "{B1CC1F47-C87C-48B7-A495-C72E0E9A25FB}"
EndProject
Project("{FAE04EC0-301F-11D3-BF4B-00C04F79EFBC}") = "Tyuiu.SavenkovaME.Sprint6.Task4.V10.Test", "Tyuiu.SavenkovaME.Sprint6.Task4.V10.Test\Tyuiu.SavenkovaME.Sprint6.Task4.V10.Test.csproj", "{BD71348A-1BEC-469F-B3B3-60E9521C2C8B}"
EndProject
Project("{FAE04EC0-301F-11D3-BF4B-00C04F79EFBC}") = "Tyuiu.SavenkovaME.Sprint6.Task4.V10", "Tyuiu.SavenkovaME.Sprint6.Task4.V10\Tyuiu.SavenkovaME.Sprint6.Task4.V10.csproj", "{E5FE960D-CE99-4EA1-AEA9-6057442D86E0}"
EndProject
Project("{2150E333-8FDC-42A3-9474-1A3956D46DE8}") = "Task5", "Task5", "{8FCA5521-4635-4B98-9E45-88A4DAAB8B0F}"
EndProject
Project("{FAE04EC0-301F-11D3-BF4B-00C04F79EFBC}") = "Tyuiu.SavenkovaME.Sprint6.Task5.V18.Lib", "Tyuiu.SavenkovaME.Sprint6.Task5.V18.Lib\Tyuiu.SavenkovaME.Sprint6.Task5.V18.Lib.csproj", "{DC0166E6-EE93-4C1C-B474-7831622587CE}"
EndProject
Project("{FAE04EC0-301F-11D3-BF4B-00C04F79EFBC}") = "Tyuiu.SavenkovaME.Sprint6.Task5.V18.Test", "Tyuiu.SavenkovaME.Sprint6.Task5.V18.Test\Tyuiu.SavenkovaME.Sprint6.Task5.V18.Test.csproj", "{5DF99D25-DB2F-49B4-BFD8-E07BE055B0FD}"
EndProject
Project("{FAE04EC0-301F-11D3-BF4B-00C04F79EFBC}") = "Tyuiu.SavenkovaME.Sprint6.Task5.V18", "Tyuiu.SavenkovaME.Sprint6.Task5.V18\Tyuiu.SavenkovaME.Sprint6.Task5.V18.csproj", "{A9EE63BB-112D-4D6A-AD7E-0705F9F4FE6D}"
EndProject
Project("{2150E333-8FDC-42A3-9474-1A3956D46DE8}") = "Task6", "Task6", "{08BD9ED8-BFB5-4375-948A-9CB5BF2E35FE}"
EndProject
Project("{FAE04EC0-301F-11D3-BF4B-00C04F79EFBC}") = "Tyuiu.SavenkovaME.Sprint6.Task6.V14.Lib", "Tyuiu.SavenkovaME.Sprint6.Task6.V14.Lib\Tyuiu.SavenkovaME.Sprint6.Task6.V14.Lib.csproj", "{A616DE54-AA96-4AD5-B676-886C059F1A2A}"
EndProject
Project("{FAE04EC0-301F-11D3-BF4B-00C04F79EFBC}") = "Tyuiu.SavenkovaME.Sprint6.Task6.V14.Test", "Tyuiu.SavenkovaME.Sprint6.Task6.V14.Test\Tyuiu.SavenkovaME.Sprint6.Task6.V14.Test.csproj", "{68DCD2ED-9AA1-4EDD-9DE3-97DAA5E202F5}"
EndProject
Project("{FAE04EC0-301F-11D3-BF4B-00C04F79EFBC}") = "Tyuiu.SavenkovaME.Sprint6.Task6.V14", "Tyuiu.SavenkovaME.Sprint6.Task6.V14\Tyuiu.SavenkovaME.Sprint6.Task6.V14.csproj", "{69B3D06A-87B9-48A4-B26D-D94E151767E0}"
EndProject
Project("{2150E333-8FDC-42A3-9474-1A3956D46DE8}") = "Task7", "Task7", "{AB934DBA-945C-4E94-81D1-B74A641422F3}"
EndProject
Project("{FAE04EC0-301F-11D3-BF4B-00C04F79EFBC}") = "Tyuiu.SavenkovaME.Sprint6.Task7.V13.Lib", "Tyuiu.SavenkovaME.Sprint6.Task7.V13.Lib\Tyuiu.SavenkovaME.Sprint6.Task7.V13.Lib.csproj", "{8D2C29AA-4F01-44EE-B1EE-3305CF4A5589}"
EndProject
Project("{FAE04EC0-301F-11D3-BF4B-00C04F79EFBC}") = "Tyuiu.SavenkovaME.Sprint6.Task7.V13.Test", "Tyuiu.SavenkovaME.Sprint6.Task7.V13.Test\Tyuiu.SavenkovaME.Sprint6.Task7.V13.Test.csproj", "{F671EE5A-7AAF-47DB-AEEA-081556F5ACAD}"
EndProject
Project("{FAE04EC0-301F-11D3-BF4B-00C04F79EFBC}") = "Tyuiu.SavenkovaME.Sprint6.Task7.V13", "Tyuiu.SavenkovaME.Sprint6.Task7.V13\Tyuiu.SavenkovaME.Sprint6.Task7.V13.csproj", "{47F77E77-645A-45E5-8F23-AB8D5DD09BA0}"
EndProject
Global
	GlobalSection(SolutionConfigurationPlatforms) = preSolution
		Debug|Any CPU = Debug|Any CPU
		Release|Any CPU = Release|Any CPU
	EndGlobalSection
	GlobalSection(ProjectConfigurationPlatforms) = postSolution
		{AB14115C-B341-407D-9936-80F6410A6686}.Debug|Any CPU.ActiveCfg = Debug|Any CPU
		{AB14115C-B341-407D-9936-80F6410A6686}.Debug|Any CPU.Build.0 = Debug|Any CPU
		{AB14115C-B341-407D-9936-80F6410A6686}.Release|Any CPU.ActiveCfg = Release|Any CPU
		{AB14115C-B341-407D-9936-80F6410A6686}.Release|Any CPU.Build.0 = Release|Any CPU
		{EC8FC10D-E82E-448B-9FEF-CF106A9FC27C}.Debug|Any CPU.ActiveCfg = Debug|Any CPU
		{EC8FC10D-E82E-448B-9FEF-CF106A9FC27C}.Debug|Any CPU.Build.0 = Debug|Any CPU
		{EC8FC10D-E82E-448B-9FEF-CF106A9FC27C}.Release|Any CPU.ActiveCfg = Release|Any CPU
		{EC8FC10D-E82E-448B-9FEF-CF106A9FC27C}.Release|Any CPU.Build.0 = Release|Any CPU
		{A5D9D487-8BE6-4B40-8478-26A5F3A7EC73}.Debug|Any CPU.ActiveCfg = Debug|Any CPU
		{A5D9D487-8BE6-4B40-8478-26A5F3A7EC73}.Debug|Any CPU.Build.0 = Debug|Any CPU
		{A5D9D487-8BE6-4B40-8478-26A5F3A7EC73}.Release|Any CPU.ActiveCfg = Release|Any CPU
		{A5D9D487-8BE6-4B40-8478-26A5F3A7EC73}.Release|Any CPU.Build.0 = Release|Any CPU
		{497CA580-8E65-4F68-8662-A50FDE0962EC}.Debug|Any CPU.ActiveCfg = Debug|Any CPU
		{497CA580-8E65-4F68-8662-A50FDE0962EC}.Debug|Any CPU.Build.0 = Debug|Any CPU
		{497CA580-8E65-4F68-8662-A50FDE0962EC}.Release|Any CPU.ActiveCfg = Release|Any CPU
		{497CA580-8E65-4F68-8662-A50FDE0962EC}.Release|Any CPU.Build.0 = Release|Any CPU
		{90F57F82-F860-4979-A59C-A890A597C797}.Debug|Any CPU.ActiveCfg = Debug|Any CPU
		{90F57F82-F860-4979-A59C-A890A597C797}.Debug|Any CPU.Build.0 = Debug|Any CPU
		{90F57F82-F860-4979-A59C-A890A597C797}.Release|Any CPU.ActiveCfg = Release|Any CPU
		{90F57F82-F860-4979-A59C-A890A597C797}.Release|Any CPU.Build.0 = Release|Any CPU
		{F0D65F57-F552-483D-89C7-51CC95D2F0CD}.Debug|Any CPU.ActiveCfg = Debug|Any CPU
		{F0D65F57-F552-483D-89C7-51CC95D2F0CD}.Debug|Any CPU.Build.0 = Debug|Any CPU
		{F0D65F57-F552-483D-89C7-51CC95D2F0CD}.Release|Any CPU.ActiveCfg = Release|Any CPU
		{F0D65F57-F552-483D-89C7-51CC95D2F0CD}.Release|Any CPU.Build.0 = Release|Any CPU
		{8B76699C-BFEB-4C17-882C-0DA17A14C34D}.Debug|Any CPU.ActiveCfg = Debug|Any CPU
		{8B76699C-BFEB-4C17-882C-0DA17A14C34D}.Debug|Any CPU.Build.0 = Debug|Any CPU
		{8B76699C-BFEB-4C17-882C-0DA17A14C34D}.Release|Any CPU.ActiveCfg = Release|Any CPU
		{8B76699C-BFEB-4C17-882C-0DA17A14C34D}.Release|Any CPU.Build.0 = Release|Any CPU
		{7D1B03BA-9062-45CC-A1D3-D5F621538A8D}.Debug|Any CPU.ActiveCfg = Debug|Any CPU
		{7D1B03BA-9062-45CC-A1D3-D5F621538A8D}.Debug|Any CPU.Build.0 = Debug|Any CPU
		{7D1B03BA-9062-45CC-A1D3-D5F621538A8D}.Release|Any CPU.ActiveCfg = Release|Any CPU
		{7D1B03BA-9062-45CC-A1D3-D5F621538A8D}.Release|Any CPU.Build.0 = Release|Any CPU
		{74962BD2-B9B9-464C-835A-CD938128A7DA}.Debug|Any CPU.ActiveCfg = Debug|Any CPU
		{74962BD2-B9B9-464C-835A-CD938128A7DA}.Debug|Any CPU.Build.0 = Debug|Any CPU
		{74962BD2-B9B9-464C-835A-CD938128A7DA}.Release|Any CPU.ActiveCfg = Release|Any CPU
		{74962BD2-B9B9-464C-835A-CD938128A7DA}.Release|Any CPU.Build.0 = Release|Any CPU
		{E4039C2F-0B10-4F8A-B843-3A5821FE296B}.Debug|Any CPU.ActiveCfg = Debug|Any CPU
		{E4039C2F-0B10-4F8A-B843-3A5821FE296B}.Debug|Any CPU.Build.0 = Debug|Any CPU
		{E4039C2F-0B10-4F8A-B843-3A5821FE296B}.Release|Any CPU.ActiveCfg = Release|Any CPU
		{E4039C2F-0B10-4F8A-B843-3A5821FE296B}.Release|Any CPU.Build.0 = Release|Any CPU
		{9A57E6C3-6C7C-49D0-9969-DE480FC15826}.Debug|Any CPU.ActiveCfg = Debug|Any CPU
		{9A57E6C3-6C7C-49D0-9969-DE480FC15826}.Debug|Any CPU.Build.0 = Debug|Any CPU
		{9A57E6C3-6C7C-49D0-9969-DE480FC15826}.Release|Any CPU.ActiveCfg = Release|Any CPU
		{9A57E6C3-6C7C-49D0-9969-DE480FC15826}.Release|Any CPU.Build.0 = Release|Any CPU
		{FEE42C14-609C-4441-96ED-FFF018E21ACF}.Debug|Any CPU.ActiveCfg = Debug|Any CPU
		{FEE42C14-609C-4441-96ED-FFF018E21ACF}.Debug|Any CPU.Build.0 = Debug|Any CPU
		{FEE42C14-609C-4441-96ED-FFF018E21ACF}.Release|Any CPU.ActiveCfg = Release|Any CPU
		{FEE42C14-609C-4441-96ED-FFF018E21ACF}.Release|Any CPU.Build.0 = Release|Any CPU
		{B1CC1F47-C87C-48B7-A495-C72E0E9A25FB}.Debug|Any CPU.ActiveCfg = Debug|Any CPU
		{B1CC1F47-C87C-48B7-A495-C72E0E9A25FB}.Debug|Any CPU.Build.0 = Debug|Any CPU
		{B1CC1F47-C87C-48B7-A495-C72E0E9A25FB}.Release|Any CPU.ActiveCfg = Release|Any CPU
		{B1CC1F47-C87C-48B7-A495-C72E0E9A25FB}.Release|Any CPU.Build.0 = Release|Any CPU
		{BD71348A-1BEC-469F-B3B3-60E9521C2C8B}.Debug|Any CPU.ActiveCfg = Debug|Any CPU
		{BD71348A-1BEC-469F-B3B3-60E9521C2C8B}.Debug|Any CPU.Build.0 = Debug|Any CPU
		{BD71348A-1BEC-469F-B3B3-60E9521C2C8B}.Release|Any CPU.ActiveCfg = Release|Any CPU
		{BD71348A-1BEC-469F-B3B3-60E9521C2C8B}.Release|Any CPU.Build.0 = Release|Any CPU
		{E5FE960D-CE99-4EA1-AEA9-6057442D86E0}.Debug|Any CPU.ActiveCfg = Debug|Any CPU
		{E5FE960D-CE99-4EA1-AEA9-6057442D86E0}.Debug|Any CPU.Build.0 = Debug|Any CPU
		{E5FE960D-CE99-4EA1-AEA9-6057442D86E0}.Release|Any CPU.ActiveCfg = Release|Any CPU
		{E5FE960D-CE99-4EA1-AEA9-6057442D86E0}.Release|Any CPU.Build.0 = Release|Any CPU
		{DC0166E6-EE93-4C1C-B474-7831622587CE}.Debug|Any CPU.ActiveCfg = Debug|Any CPU
		{DC0166E6-EE93-4C1C-B474-7831622587CE}.Debug|Any CPU.Build.0 = Debug|Any CPU
		{DC0166E6-EE93-4C1C-B474-7831622587CE}.Release|Any CPU.ActiveCfg = Release|Any CPU
		{DC0166E6-EE93-4C1C-B474-7831622587CE}.Release|Any CPU.Build.0 = Release|Any CPU
		{5DF99D25-DB2F-49B4-BFD8-E07BE055B0FD}.Debug|Any CPU.ActiveCfg = Debug|Any CPU
		{5DF99D25-DB2F-49B4-BFD8-E07BE055B0FD}.Debug|Any CPU.Build.0 = Debug|Any CPU
		{5DF99D25-DB2F-49B4-BFD8-E07BE055B0FD}.Release|Any CPU.ActiveCfg = Release|Any CPU
		{5DF99D25-DB2F-49B4-BFD8-E07BE055B0FD}.Release|Any CPU.Build.0 = Release|Any CPU
		{A9EE63BB-112D-4D6A-AD7E-0705F9F4FE6D}.Debug|Any CPU.ActiveCfg = Debug|Any CPU
		{A9EE63BB-112D-4D6A-AD7E-0705F9F4FE6D}.Debug|Any CPU.Build.0 = Debug|Any CPU
		{A9EE63BB-112D-4D6A-AD7E-0705F9F4FE6D}.Release|Any CPU.ActiveCfg = Release|Any CPU
		{A9EE63BB-112D-4D6A-AD7E-0705F9F4FE6D}.Release|Any CPU.Build.0 = Release|Any CPU
		{A616DE54-AA96-4AD5-B676-886C059F1A2A}.Debug|Any CPU.ActiveCfg = Debug|Any CPU
		{A616DE54-AA96-4AD5-B676-886C059F1A2A}.Debug|Any CPU.Build.0 = Debug|Any CPU
		{A616DE54-AA96-4AD5-B676-886C059F1A2A}.Release|Any CPU.ActiveCfg = Release|Any CPU
		{A616DE54-AA96-4AD5-B676-886C059F1A2A}.Release|Any CPU.Build.0 = Release|Any CPU
		{68DCD2ED-9AA1-4EDD-9DE3-97DAA5E202F5}.Debug|Any CPU.ActiveCfg = Debug|Any CPU
		{68DCD2ED-9AA1-4EDD-9DE3-97DAA5E202F5}.Debug|Any CPU.Build.0 = Debug|Any CPU
		{68DCD2ED-9AA1-4EDD-9DE3-97DAA5E202F5}.Release|Any CPU.ActiveCfg = Release|Any CPU
		{68DCD2ED-9AA1-4EDD-9DE3-97DAA5E202F5}.Release|Any CPU.Build.0 = Release|Any CPU
		{69B3D06A-87B9-48A4-B26D-D94E151767E0}.Debug|Any CPU.ActiveCfg = Debug|Any CPU
		{69B3D06A-87B9-48A4-B26D-D94E151767E0}.Debug|Any CPU.Build.0 = Debug|Any CPU
		{69B3D06A-87B9-48A4-B26D-D94E151767E0}.Release|Any CPU.ActiveCfg = Release|Any CPU
		{69B3D06A-87B9-48A4-B26D-D94E151767E0}.Release|Any CPU.Build.0 = Release|Any CPU
		{8D2C29AA-4F01-44EE-B1EE-3305CF4A5589}.Debug|Any CPU.ActiveCfg = Debug|Any CPU
		{8D2C29AA-4F01-44EE-B1EE-3305CF4A5589}.Debug|Any CPU.Build.0 = Debug|Any CPU
		{8D2C29AA-4F01-44EE-B1EE-3305CF4A5589}.Release|Any CPU.ActiveCfg = Release|Any CPU
		{8D2C29AA-4F01-44EE-B1EE-3305CF4A5589}.Release|Any CPU.Build.0 = Release|Any CPU
		{F671EE5A-7AAF-47DB-AEEA-081556F5ACAD}.Debug|Any CPU.ActiveCfg = Debug|Any CPU
		{F671EE5A-7AAF-47DB-AEEA-081556F5ACAD}.Debug|Any CPU.Build.0 = Debug|Any CPU
		{F671EE5A-7AAF-47DB-AEEA-081556F5ACAD}.Release|Any CPU.ActiveCfg = Release|Any CPU
		{F671EE5A-7AAF-47DB-AEEA-081556F5ACAD}.Release|Any CPU.Build.0 = Release|Any CPU
		{47F77E77-645A-45E5-8F23-AB8D5DD09BA0}.Debug|Any CPU.ActiveCfg = Debug|Any CPU
		{47F77E77-645A-45E5-8F23-AB8D5DD09BA0}.Debug|Any CPU.Build.0 = Debug|Any CPU
		{47F77E77-645A-45E5-8F23-AB8D5DD09BA0}.Release|Any CPU.ActiveCfg = Release|Any CPU
		{47F77E77-645A-45E5-8F23-AB8D5DD09BA0}.Release|Any CPU.Build.0 = Release|Any CPU
	EndGlobalSection
	GlobalSection(SolutionProperties) = preSolution
		HideSolutionNode = FALSE
	EndGlobalSection
	GlobalSection(NestedProjects) = preSolution
		{AB14115C-B341-407D-9936-80F6410A6686} = {ACC48692-E61D-4726-969E-DE2590C7F2DA}
		{EC8FC10D-E82E-448B-9FEF-CF106A9FC27C} = {ACC48692-E61D-4726-969E-DE2590C7F2DA}
		{A5D9D487-8BE6-4B40-8478-26A5F3A7EC73} = {ACC48692-E61D-4726-969E-DE2590C7F2DA}
		{497CA580-8E65-4F68-8662-A50FDE0962EC} = {AAE126CD-0DF7-4A76-9BB4-7DDC68D467F9}
		{90F57F82-F860-4979-A59C-A890A597C797} = {AAE126CD-0DF7-4A76-9BB4-7DDC68D467F9}
		{F0D65F57-F552-483D-89C7-51CC95D2F0CD} = {AAE126CD-0DF7-4A76-9BB4-7DDC68D467F9}
		{8B76699C-BFEB-4C17-882C-0DA17A14C34D} = {10059960-637E-4BAC-B48E-FB848832B304}
		{7D1B03BA-9062-45CC-A1D3-D5F621538A8D} = {10059960-637E-4BAC-B48E-FB848832B304}
		{74962BD2-B9B9-464C-835A-CD938128A7DA} = {10059960-637E-4BAC-B48E-FB848832B304}
		{E4039C2F-0B10-4F8A-B843-3A5821FE296B} = {801F7447-003C-4016-8D0F-5622CE6EAD91}
		{9A57E6C3-6C7C-49D0-9969-DE480FC15826} = {801F7447-003C-4016-8D0F-5622CE6EAD91}
		{FEE42C14-609C-4441-96ED-FFF018E21ACF} = {801F7447-003C-4016-8D0F-5622CE6EAD91}
		{B1CC1F47-C87C-48B7-A495-C72E0E9A25FB} = {3F1EB28B-BF97-4C36-BACA-7CECFE8AEA6A}
		{BD71348A-1BEC-469F-B3B3-60E9521C2C8B} = {3F1EB28B-BF97-4C36-BACA-7CECFE8AEA6A}
		{E5FE960D-CE99-4EA1-AEA9-6057442D86E0} = {3F1EB28B-BF97-4C36-BACA-7CECFE8AEA6A}
		{DC0166E6-EE93-4C1C-B474-7831622587CE} = {8FCA5521-4635-4B98-9E45-88A4DAAB8B0F}
		{5DF99D25-DB2F-49B4-BFD8-E07BE055B0FD} = {8FCA5521-4635-4B98-9E45-88A4DAAB8B0F}
		{A9EE63BB-112D-4D6A-AD7E-0705F9F4FE6D} = {8FCA5521-4635-4B98-9E45-88A4DAAB8B0F}
		{A616DE54-AA96-4AD5-B676-886C059F1A2A} = {08BD9ED8-BFB5-4375-948A-9CB5BF2E35FE}
		{68DCD2ED-9AA1-4EDD-9DE3-97DAA5E202F5} = {08BD9ED8-BFB5-4375-948A-9CB5BF2E35FE}
		{69B3D06A-87B9-48A4-B26D-D94E151767E0} = {08BD9ED8-BFB5-4375-948A-9CB5BF2E35FE}
		{8D2C29AA-4F01-44EE-B1EE-3305CF4A5589} = {AB934DBA-945C-4E94-81D1-B74A641422F3}
		{F671EE5A-7AAF-47DB-AEEA-081556F5ACAD} = {AB934DBA-945C-4E94-81D1-B74A641422F3}
		{47F77E77-645A-45E5-8F23-AB8D5DD09BA0} = {AB934DBA-945C-4E94-81D1-B74A641422F3}
	EndGlobalSection
	GlobalSection(ExtensibilityGlobals) = postSolution
		SolutionGuid = {ED101A4C-6D88-47BC-9A46-75AA49B85EFC}
	EndGlobalSection
EndGlobal
